// !$*UTF8*$!
{
	archiveVersion = 1;
	classes = {
	};
	objectVersion = 50;
	objects = {

/* Begin PBXBuildFile section */
		847A54AC270C301300F9DDF6 /* AppDelegate.m in Sources */ = {isa = PBXBuildFile; fileRef = 847A54AB270C301300F9DDF6 /* AppDelegate.m */; };
		847A54AF270C301300F9DDF6 /* SceneDelegate.m in Sources */ = {isa = PBXBuildFile; fileRef = 847A54AE270C301300F9DDF6 /* SceneDelegate.m */; };
		847A54B2270C301300F9DDF6 /* ViewController.m in Sources */ = {isa = PBXBuildFile; fileRef = 847A54B1270C301300F9DDF6 /* ViewController.m */; };
		847A54B5270C301300F9DDF6 /* Main.storyboard in Resources */ = {isa = PBXBuildFile; fileRef = 847A54B3270C301300F9DDF6 /* Main.storyboard */; };
		847A54B7270C301600F9DDF6 /* Assets.xcassets in Resources */ = {isa = PBXBuildFile; fileRef = 847A54B6270C301600F9DDF6 /* Assets.xcassets */; };
		847A54BA270C301600F9DDF6 /* LaunchScreen.storyboard in Resources */ = {isa = PBXBuildFile; fileRef = 847A54B8270C301600F9DDF6 /* LaunchScreen.storyboard */; };
		847A54BD270C301600F9DDF6 /* main.m in Sources */ = {isa = PBXBuildFile; fileRef = 847A54BC270C301600F9DDF6 /* main.m */; };
/* End PBXBuildFile section */

/* Begin PBXFileReference section */
		847A54A7270C301300F9DDF6 /* TCalculator.app */ = {isa = PBXFileReference; explicitFileType = wrapper.application; includeInIndex = 0; path = TCalculator.app; sourceTree = BUILT_PRODUCTS_DIR; };
		847A54AA270C301300F9DDF6 /* AppDelegate.h */ = {isa = PBXFileReference; lastKnownFileType = sourcecode.c.h; path = AppDelegate.h; sourceTree = "<group>"; };
		847A54AB270C301300F9DDF6 /* AppDelegate.m */ = {isa = PBXFileReference; lastKnownFileType = sourcecode.c.objc; path = AppDelegate.m; sourceTree = "<group>"; };
		847A54AD270C301300F9DDF6 /* SceneDelegate.h */ = {isa = PBXFileReference; lastKnownFileType = sourcecode.c.h; path = SceneDelegate.h; sourceTree = "<group>"; };
		847A54AE270C301300F9DDF6 /* SceneDelegate.m */ = {isa = PBXFileReference; lastKnownFileType = sourcecode.c.objc; path = SceneDelegate.m; sourceTree = "<group>"; };
		847A54B0270C301300F9DDF6 /* ViewController.h */ = {isa = PBXFileReference; lastKnownFileType = sourcecode.c.h; path = ViewController.h; sourceTree = "<group>"; };
		847A54B1270C301300F9DDF6 /* ViewController.m */ = {isa = PBXFileReference; lastKnownFileType = sourcecode.c.objc; path = ViewController.m; sourceTree = "<group>"; };
		847A54B4270C301300F9DDF6 /* Base */ = {isa = PBXFileReference; lastKnownFileType = file.storyboard; name = Base; path = Base.lproj/Main.storyboard; sourceTree = "<group>"; };
		847A54B6270C301600F9DDF6 /* Assets.xcassets */ = {isa = PBXFileReference; lastKnownFileType = folder.assetcatalog; path = Assets.xcassets; sourceTree = "<group>"; };
		847A54B9270C301600F9DDF6 /* Base */ = {isa = PBXFileReference; lastKnownFileType = file.storyboard; name = Base; path = Base.lproj/LaunchScreen.storyboard; sourceTree = "<group>"; };
		847A54BB270C301600F9DDF6 /* Info.plist */ = {isa = PBXFileReference; lastKnownFileType = text.plist.xml; path = Info.plist; sourceTree = "<group>"; };
		847A54BC270C301600F9DDF6 /* main.m */ = {isa = PBXFileReference; lastKnownFileType = sourcecode.c.objc; path = main.m; sourceTree = "<group>"; };
/* End PBXFileReference section */

/* Begin PBXFrameworksBuildPhase section */
		847A54A4270C301300F9DDF6 /* Frameworks */ = {
			isa = PBXFrameworksBuildPhase;
			buildActionMask = 2147483647;
			files = (
			);
			runOnlyForDeploymentPostprocessing = 0;
		};
/* End PBXFrameworksBuildPhase section */

/* Begin PBXGroup section */
		847A549E270C301300F9DDF6 = {
			isa = PBXGroup;
			children = (
				847A54A9270C301300F9DDF6 /* TCalculator */,
				847A54A8270C301300F9DDF6 /* Products */,
			);
			sourceTree = "<group>";
		};
		847A54A8270C301300F9DDF6 /* Products */ = {
			isa = PBXGroup;
			children = (
				847A54A7270C301300F9DDF6 /* TCalculator.app */,
			);
			name = Products;
			sourceTree = "<group>";
		};
		847A54A9270C301300F9DDF6 /* TCalculator */ = {
			isa = PBXGroup;
			children = (
				847A54C5270C421F00F9DDF6 /* Nibs */,
				847A54C7270C423E00F9DDF6 /* View Controllers */,
				847A54C6270C422C00F9DDF6 /* Special Classes */,
				847A54AD270C301300F9DDF6 /* SceneDelegate.h */,
				847A54AE270C301300F9DDF6 /* SceneDelegate.m */,
				847A54B6270C301600F9DDF6 /* Assets.xcassets */,
				847A54BB270C301600F9DDF6 /* Info.plist */,
				847A54BC270C301600F9DDF6 /* main.m */,
			);
			path = TCalculator;
			sourceTree = "<group>";
		};
		847A54C5270C421F00F9DDF6 /* Nibs */ = {
			isa = PBXGroup;
			children = (
				847A54B3270C301300F9DDF6 /* Main.storyboard */,
				847A54B8270C301600F9DDF6 /* LaunchScreen.storyboard */,
			);
			path = Nibs;
			sourceTree = "<group>";
		};
		847A54C6270C422C00F9DDF6 /* Special Classes */ = {
			isa = PBXGroup;
			children = (
				847A54AA270C301300F9DDF6 /* AppDelegate.h */,
				847A54AB270C301300F9DDF6 /* AppDelegate.m */,
			);
			path = "Special Classes";
			sourceTree = "<group>";
		};
		847A54C7270C423E00F9DDF6 /* View Controllers */ = {
			isa = PBXGroup;
			children = (
				847A54B0270C301300F9DDF6 /* ViewController.h */,
				847A54B1270C301300F9DDF6 /* ViewController.m */,
			);
			path = "View Controllers";
			sourceTree = "<group>";
		};
/* End PBXGroup section */

/* Begin PBXNativeTarget section */
		847A54A6270C301300F9DDF6 /* TCalculator */ = {
			isa = PBXNativeTarget;
			buildConfigurationList = 847A54C0270C301600F9DDF6 /* Build configuration list for PBXNativeTarget "TCalculator" */;
			buildPhases = (
				847A54A3270C301300F9DDF6 /* Sources */,
				847A54A4270C301300F9DDF6 /* Frameworks */,
				847A54A5270C301300F9DDF6 /* Resources */,
			);
			buildRules = (
			);
			dependencies = (
			);
			name = TCalculator;
			productName = TCalculator;
			productReference = 847A54A7270C301300F9DDF6 /* TCalculator.app */;
			productType = "com.apple.product-type.application";
		};
/* End PBXNativeTarget section */

/* Begin PBXProject section */
		847A549F270C301300F9DDF6 /* Project object */ = {
			isa = PBXProject;
			attributes = {
				LastUpgradeCheck = 1240;
				TargetAttributes = {
					847A54A6270C301300F9DDF6 = {
						CreatedOnToolsVersion = 12.4;
					};
				};
			};
			buildConfigurationList = 847A54A2270C301300F9DDF6 /* Build configuration list for PBXProject "TCalculator" */;
			compatibilityVersion = "Xcode 9.3";
			developmentRegion = en;
			hasScannedForEncodings = 0;
			knownRegions = (
				en,
				Base,
			);
			mainGroup = 847A549E270C301300F9DDF6;
			productRefGroup = 847A54A8270C301300F9DDF6 /* Products */;
			projectDirPath = "";
			projectRoot = "";
			targets = (
				847A54A6270C301300F9DDF6 /* TCalculator */,
			);
		};
/* End PBXProject section */

/* Begin PBXResourcesBuildPhase section */
		847A54A5270C301300F9DDF6 /* Resources */ = {
			isa = PBXResourcesBuildPhase;
			buildActionMask = 2147483647;
			files = (
				847A54BA270C301600F9DDF6 /* LaunchScreen.storyboard in Resources */,
				847A54B7270C301600F9DDF6 /* Assets.xcassets in Resources */,
				847A54B5270C301300F9DDF6 /* Main.storyboard in Resources */,
			);
			runOnlyForDeploymentPostprocessing = 0;
		};
/* End PBXResourcesBuildPhase section */

/* Begin PBXSourcesBuildPhase section */
		847A54A3270C301300F9DDF6 /* Sources */ = {
			isa = PBXSourcesBuildPhase;
			buildActionMask = 2147483647;
			files = (
				847A54B2270C301300F9DDF6 /* ViewController.m in Sources */,
				847A54AC270C301300F9DDF6 /* AppDelegate.m in Sources */,
				847A54BD270C301600F9DDF6 /* main.m in Sources */,
				847A54AF270C301300F9DDF6 /* SceneDelegate.m in Sources */,
			);
			runOnlyForDeploymentPostprocessing = 0;
		};
/* End PBXSourcesBuildPhase section */

/* Begin PBXVariantGroup section */
		847A54B3270C301300F9DDF6 /* Main.storyboard */ = {
			isa = PBXVariantGroup;
			children = (
				847A54B4270C301300F9DDF6 /* Base */,
			);
			name = Main.storyboard;
			sourceTree = "<group>";
		};
		847A54B8270C301600F9DDF6 /* LaunchScreen.storyboard */ = {
			isa = PBXVariantGroup;
			children = (
				847A54B9270C301600F9DDF6 /* Base */,
			);
			name = LaunchScreen.storyboard;
			sourceTree = "<group>";
		};
/* End PBXVariantGroup section */

/* Begin XCBuildConfiguration section */
		847A54BE270C301600F9DDF6 /* Debug */ = {
			isa = XCBuildConfiguration;
			buildSettings = {
				ALWAYS_SEARCH_USER_PATHS = NO;
				CLANG_ANALYZER_NONNULL = YES;
				CLANG_ANALYZER_NUMBER_OBJECT_CONVERSION = YES_AGGRESSIVE;
				CLANG_CXX_LANGUAGE_STANDARD = "gnu++14";
				CLANG_CXX_LIBRARY = "libc++";
				CLANG_ENABLE_MODULES = YES;
				CLANG_ENABLE_OBJC_ARC = YES;
				CLANG_ENABLE_OBJC_WEAK = YES;
				CLANG_WARN_BLOCK_CAPTURE_AUTORELEASING = YES;
				CLANG_WARN_BOOL_CONVERSION = YES;
				CLANG_WARN_COMMA = YES;
				CLANG_WARN_CONSTANT_CONVERSION = YES;
				CLANG_WARN_DEPRECATED_OBJC_IMPLEMENTATIONS = YES;
				CLANG_WARN_DIRECT_OBJC_ISA_USAGE = YES_ERROR;
				CLANG_WARN_DOCUMENTATION_COMMENTS = YES;
				CLANG_WARN_EMPTY_BODY = YES;
				CLANG_WARN_ENUM_CONVERSION = YES;
				CLANG_WARN_INFINITE_RECURSION = YES;
				CLANG_WARN_INT_CONVERSION = YES;
				CLANG_WARN_NON_LITERAL_NULL_CONVERSION = YES;
				CLANG_WARN_OBJC_IMPLICIT_RETAIN_SELF = YES;
				CLANG_WARN_OBJC_LITERAL_CONVERSION = YES;
				CLANG_WARN_OBJC_ROOT_CLASS = YES_ERROR;
				CLANG_WARN_QUOTED_INCLUDE_IN_FRAMEWORK_HEADER = YES;
				CLANG_WARN_RANGE_LOOP_ANALYSIS = YES;
				CLANG_WARN_STRICT_PROTOTYPES = YES;
				CLANG_WARN_SUSPICIOUS_MOVE = YES;
				CLANG_WARN_UNGUARDED_AVAILABILITY = YES_AGGRESSIVE;
				CLANG_WARN_UNREACHABLE_CODE = YES;
				CLANG_WARN__DUPLICATE_METHOD_MATCH = YES;
				COPY_PHASE_STRIP = NO;
				DEBUG_INFORMATION_FORMAT = dwarf;
				ENABLE_STRICT_OBJC_MSGSEND = YES;
				ENABLE_TESTABILITY = YES;
				GCC_C_LANGUAGE_STANDARD = gnu11;
				GCC_DYNAMIC_NO_PIC = NO;
				GCC_NO_COMMON_BLOCKS = YES;
				GCC_OPTIMIZATION_LEVEL = 0;
				GCC_PREPROCESSOR_DEFINITIONS = (
					"DEBUG=1",
					"$(inherited)",
				);
				GCC_WARN_64_TO_32_BIT_CONVERSION = YES;
				GCC_WARN_ABOUT_RETURN_TYPE = YES_ERROR;
				GCC_WARN_UNDECLARED_SELECTOR = YES;
				GCC_WARN_UNINITIALIZED_AUTOS = YES_AGGRESSIVE;
				GCC_WARN_UNUSED_FUNCTION = YES;
				GCC_WARN_UNUSED_VARIABLE = YES;
				IPHONEOS_DEPLOYMENT_TARGET = 14.4;
				MTL_ENABLE_DEBUG_INFO = INCLUDE_SOURCE;
				MTL_FAST_MATH = YES;
				ONLY_ACTIVE_ARCH = YES;
				SDKROOT = iphoneos;
			};
			name = Debug;
		};
		847A54BF270C301600F9DDF6 /* Release */ = {
			isa = XCBuildConfiguration;
			buildSettings = {
				ALWAYS_SEARCH_USER_PATHS = NO;
				CLANG_ANALYZER_NONNULL = YES;
				CLANG_ANALYZER_NUMBER_OBJECT_CONVERSION = YES_AGGRESSIVE;
				CLANG_CXX_LANGUAGE_STANDARD = "gnu++14";
				CLANG_CXX_LIBRARY = "libc++";
				CLANG_ENABLE_MODULES = YES;
				CLANG_ENABLE_OBJC_ARC = YES;
				CLANG_ENABLE_OBJC_WEAK = YES;
				CLANG_WARN_BLOCK_CAPTURE_AUTORELEASING = YES;
				CLANG_WARN_BOOL_CONVERSION = YES;
				CLANG_WARN_COMMA = YES;
				CLANG_WARN_CONSTANT_CONVERSION = YES;
				CLANG_WARN_DEPRECATED_OBJC_IMPLEMENTATIONS = YES;
				CLANG_WARN_DIRECT_OBJC_ISA_USAGE = YES_ERROR;
				CLANG_WARN_DOCUMENTATION_COMMENTS = YES;
				CLANG_WARN_EMPTY_BODY = YES;
				CLANG_WARN_ENUM_CONVERSION = YES;
				CLANG_WARN_INFINITE_RECURSION = YES;
				CLANG_WARN_INT_CONVERSION = YES;
				CLANG_WARN_NON_LITERAL_NULL_CONVERSION = YES;
				CLANG_WARN_OBJC_IMPLICIT_RETAIN_SELF = YES;
				CLANG_WARN_OBJC_LITERAL_CONVERSION = YES;
				CLANG_WARN_OBJC_ROOT_CLASS = YES_ERROR;
				CLANG_WARN_QUOTED_INCLUDE_IN_FRAMEWORK_HEADER = YES;
				CLANG_WARN_RANGE_LOOP_ANALYSIS = YES;
				CLANG_WARN_STRICT_PROTOTYPES = YES;
				CLANG_WARN_SUSPICIOUS_MOVE = YES;
				CLANG_WARN_UNGUARDED_AVAILABILITY = YES_AGGRESSIVE;
				CLANG_WARN_UNREACHABLE_CODE = YES;
				CLANG_WARN__DUPLICATE_METHOD_MATCH = YES;
				COPY_PHASE_STRIP = NO;
				DEBUG_INFORMATION_FORMAT = "dwarf-with-dsym";
				ENABLE_NS_ASSERTIONS = NO;
				ENABLE_STRICT_OBJC_MSGSEND = YES;
				GCC_C_LANGUAGE_STANDARD = gnu11;
				GCC_NO_COMMON_BLOCKS = YES;
				GCC_WARN_64_TO_32_BIT_CONVERSION = YES;
				GCC_WARN_ABOUT_RETURN_TYPE = YES_ERROR;
				GCC_WARN_UNDECLARED_SELECTOR = YES;
				GCC_WARN_UNINITIALIZED_AUTOS = YES_AGGRESSIVE;
				GCC_WARN_UNUSED_FUNCTION = YES;
				GCC_WARN_UNUSED_VARIABLE = YES;
				IPHONEOS_DEPLOYMENT_TARGET = 14.4;
				MTL_ENABLE_DEBUG_INFO = NO;
				MTL_FAST_MATH = YES;
				SDKROOT = iphoneos;
				VALIDATE_PRODUCT = YES;
			};
			name = Release;
		};
		847A54C1270C301600F9DDF6 /* Debug */ = {
			isa = XCBuildConfiguration;
			buildSettings = {
				ASSETCATALOG_COMPILER_APPICON_NAME = AppIcon;
				ASSETCATALOG_COMPILER_GLOBAL_ACCENT_COLOR_NAME = AccentColor;
				CODE_SIGN_STYLE = Automatic;
				INFOPLIST_FILE = TCalculator/Info.plist;
				LD_RUNPATH_SEARCH_PATHS = (
					"$(inherited)",
					"@executable_path/Frameworks",
				);
				PRODUCT_BUNDLE_IDENTIFIER = com.tma.pquochung.TCalculator;
				PRODUCT_NAME = "$(TARGET_NAME)";
				TARGETED_DEVICE_FAMILY = 1;
			};
			name = Debug;
		};
		847A54C2270C301600F9DDF6 /* Release */ = {
			isa = XCBuildConfiguration;
			buildSettings = {
				ASSETCATALOG_COMPILER_APPICON_NAME = AppIcon;
				ASSETCATALOG_COMPILER_GLOBAL_ACCENT_COLOR_NAME = AccentColor;
				CODE_SIGN_STYLE = Automatic;
				INFOPLIST_FILE = TCalculator/Info.plist;
				LD_RUNPATH_SEARCH_PATHS = (
					"$(inherited)",
					"@executable_path/Frameworks",
				);
				PRODUCT_BUNDLE_IDENTIFIER = com.tma.pquochung.TCalculator;
				PRODUCT_NAME = "$(TARGET_NAME)";
				TARGETED_DEVICE_FAMILY = 1;
			};
			name = Release;
		};
/* End XCBuildConfiguration section */

/* Begin XCConfigurationList section */
		847A54A2270C301300F9DDF6 /* Build configuration list for PBXProject "TCalculator" */ = {
			isa = XCConfigurationList;
			buildConfigurations = (
				847A54BE270C301600F9DDF6 /* Debug */,
				847A54BF270C301600F9DDF6 /* Release */,
			);
			defaultConfigurationIsVisible = 0;
			defaultConfigurationName = Release;
		};
		847A54C0270C301600F9DDF6 /* Build configuration list for PBXNativeTarget "TCalculator" */ = {
			isa = XCConfigurationList;
			buildConfigurations = (
				847A54C1270C301600F9DDF6 /* Debug */,
				847A54C2270C301600F9DDF6 /* Release */,
			);
			defaultConfigurationIsVisible = 0;
			defaultConfigurationName = Release;
		};
/* End XCConfigurationList section */
	};
	rootObject = 847A549F270C301300F9DDF6 /* Project object */;
}
